
Microsoft Visual Studio Solution File, Format Version 12.00
# Visual Studio 15
VisualStudioVersion = 15.0.28010.2041
MinimumVisualStudioVersion = 10.0.40219.1
Project("{FAE04EC0-301F-11D3-BF4B-00C04F79EFBC}") = "TheFacadePattern", "TheFacadePattern\TheFacadePattern.csproj", "{B40B684D-90DB-428A-8B76-21E268C2EA46}"
EndProject
Global
	GlobalSection(SolutionConfigurationPlatforms) = preSolution
		Debug|Any CPU = Debug|Any CPU
		Release|Any CPU = Release|Any CPU
	EndGlobalSection
	GlobalSection(ProjectConfigurationPlatforms) = postSolution
		{B40B684D-90DB-428A-8B76-21E268C2EA46}.Debug|Any CPU.ActiveCfg = Debug|Any CPU
		{B40B684D-90DB-428A-8B76-21E268C2EA46}.Debug|Any CPU.Build.0 = Debug|Any CPU
		{B40B684D-90DB-428A-8B76-21E268C2EA46}.Release|Any CPU.ActiveCfg = Release|Any CPU
		{B40B684D-90DB-428A-8B76-21E268C2EA46}.Release|Any CPU.Build.0 = Release|Any CPU
	EndGlobalSection
	GlobalSection(SolutionProperties) = preSolution
		HideSolutionNode = FALSE
	EndGlobalSection
	GlobalSection(ExtensibilityGlobals) = postSolution
		SolutionGuid = {40BA3E4B-CA67-483D-A0BB-F9E230FF4990}
	EndGlobalSection
EndGlobal
